
Microsoft Visual Studio Solution File, Format Version 12.00
# Visual Studio 15
Project("{FAE04EC0-301F-11D3-BF4B-00C04F79EFBC}") = "Assembly-CSharp", "Assembly-CSharp.csproj", "{1158DB6B-AE22-C671-A037-36DAC2F7CCC1}"
EndProject
Project("{FAE04EC0-301F-11D3-BF4B-00C04F79EFBC}") = "Assembly-CSharp-Editor", "Assembly-CSharp-Editor.csproj", "{79A2D2DC-5815-8045-4EE0-A891580F69A8}"
EndProject
Global
	GlobalSection(SolutionConfigurationPlatforms) = preSolution
		Debug|Any CPU = Debug|Any CPU
		Release|Any CPU = Release|Any CPU
	EndGlobalSection
	GlobalSection(ProjectConfigurationPlatforms) = postSolution
		{1158DB6B-AE22-C671-A037-36DAC2F7CCC1}.Debug|Any CPU.ActiveCfg = Debug|Any CPU
		{1158DB6B-AE22-C671-A037-36DAC2F7CCC1}.Debug|Any CPU.Build.0 = Debug|Any CPU
		{1158DB6B-AE22-C671-A037-36DAC2F7CCC1}.Release|Any CPU.ActiveCfg = Release|Any CPU
		{1158DB6B-AE22-C671-A037-36DAC2F7CCC1}.Release|Any CPU.Build.0 = Release|Any CPU
		{79A2D2DC-5815-8045-4EE0-A891580F69A8}.Debug|Any CPU.ActiveCfg = Debug|Any CPU
		{79A2D2DC-5815-8045-4EE0-A891580F69A8}.Debug|Any CPU.Build.0 = Debug|Any CPU
		{79A2D2DC-5815-8045-4EE0-A891580F69A8}.Release|Any CPU.ActiveCfg = Release|Any CPU
		{79A2D2DC-5815-8045-4EE0-A891580F69A8}.Release|Any CPU.Build.0 = Release|Any CPU
	EndGlobalSection
	GlobalSection(SolutionProperties) = preSolution
		HideSolutionNode = FALSE
	EndGlobalSection
EndGlobal
